
Microsoft Visual Studio Solution File, Format Version 12.00
# Visual Studio 15
VisualStudioVersion = 15.0.27004.2010
MinimumVisualStudioVersion = 10.0.40219.1
Project("{8BC9CEB8-8B4A-11D0-8D11-00A0C91BC942}") = "CppAsyncIoTest", "CppAsyncIoTest\CppAsyncIoTest.vcxproj", "{AEFD26A5-9B78-49BD-B0E0-74784A998930}"
EndProject
Global
	GlobalSection(SolutionConfigurationPlatforms) = preSolution
		Debug|x64 = Debug|x64
		Debug|x86 = Debug|x86
		Release|x64 = Release|x64
		Release|x86 = Release|x86
	EndGlobalSection
	GlobalSection(ProjectConfigurationPlatforms) = postSolution
		{AEFD26A5-9B78-49BD-B0E0-74784A998930}.Debug|x64.ActiveCfg = Debug|x64
		{AEFD26A5-9B78-49BD-B0E0-74784A998930}.Debug|x64.Build.0 = Debug|x64
		{AEFD26A5-9B78-49BD-B0E0-74784A998930}.Debug|x86.ActiveCfg = Debug|Win32
		{AEFD26A5-9B78-49BD-B0E0-74784A998930}.Debug|x86.Build.0 = Debug|Win32
		{AEFD26A5-9B78-49BD-B0E0-74784A998930}.Release|x64.ActiveCfg = Release|x64
		{AEFD26A5-9B78-49BD-B0E0-74784A998930}.Release|x64.Build.0 = Release|x64
		{AEFD26A5-9B78-49BD-B0E0-74784A998930}.Release|x86.ActiveCfg = Release|Win32
		{AEFD26A5-9B78-49BD-B0E0-74784A998930}.Release|x86.Build.0 = Release|Win32
	EndGlobalSection
	GlobalSection(SolutionProperties) = preSolution
		HideSolutionNode = FALSE
	EndGlobalSection
	GlobalSection(ExtensibilityGlobals) = postSolution
		SolutionGuid = {978A3938-CF64-4106-82E5-5866DE2A8EFE}
	EndGlobalSection
EndGlobal
